<Solution>
    <Project Path="Builders/Builders.csproj" />
    <Project Path="SpotifyPlaylistSearchTool.Api/SpotifyPlaylistSearchTool.Api.csproj" />
    <Project Path="SpotifyPlaylistSearchTool.Database/SpotifyPlaylistSearchTool.Database.csproj" />
    <Folder Name="/infrastructure/">
        <File Path="infrastructure/.gitignore" />
        <File Path="infrastructure/alb.tf" />
        <File Path="infrastructure/dns.tf" />
        <File Path="infrastructure/ecr.tf" />
        <File Path="infrastructure/ecs.tf" />
        <File Path="infrastructure/rds.tf" />
        <File Path="infrastructure/terraform.tfvars" />
        <File Path="infrastructure/terraform.tfvars.example" />
        <File Path="infrastructure/variables.tf" />
        <File Path="infrastructure/vpc.tf" />
        <File Path="infrastructure/iam.tf" />
        <File Path="infrastructure/main.tf" />
    </Folder>
    <Folder Name="/Solution Items/" />
    <Project Path="BackendE2ETests/BackendE2ETests/BackendE2ETests.csproj" />
    <Project Path="build/Build.csproj" />

    <Folder Name="/client/" />
</Solution>
